lockfileVersion: '9.0'

settings:
  autoInstallPeers: true
  excludeLinksFromLockfile: false

importers:

  .:
    devDependencies:
      '@cloudflare/workers-types':
        specifier: ^4.20260609.1
        version: 4.20260609.1
      typescript:
        specifier: ^6.0.3
        version: 6.0.3

packages:

  '@cloudflare/workers-types@4.20260609.1':
    resolution: {integrity: sha512-krGHtwSApCFBjTe1NTx/TFQ0P5i/bHGQOqCPnCLssb8rOKaAG4JkPFJZsossr0z/ZTMnpP2Tid5jWju+/i0hCA==}

  typescript@6.0.3:
    resolution: {integrity: sha512-y2TvuxSZPDyQakkFRPZHKFm+KKVqIisdg9/CZwm9ftvKXLP8NRWj38/ODjNbr43SsoXqNuAisEf1GdCxqWcdBw==}
    engines: {node: '>=14.17'}
    hasBin: true

snapshots:

  '@cloudflare/workers-types@4.20260609.1': {}

  typescript@6.0.3: {}
